
Microsoft Visual Studio Solution File, Format Version 12.00
# Visual Studio 15
VisualStudioVersion = 15.0.28010.0
MinimumVisualStudioVersion = 10.0.40219.1
Project("{FAE04EC0-301F-11D3-BF4B-00C04F79EFBC}") = "EncEnc", "EncEnc\EncEnc.csproj", "{D726EF22-CE34-480F-8CFD-531FC9FDE4E8}"
EndProject
Global
	GlobalSection(SolutionConfigurationPlatforms) = preSolution
		Debug|Any CPU = Debug|Any CPU
		Release|Any CPU = Release|Any CPU
	EndGlobalSection
	GlobalSection(ProjectConfigurationPlatforms) = postSolution
		{D726EF22-CE34-480F-8CFD-531FC9FDE4E8}.Debug|Any CPU.ActiveCfg = Debug|Any CPU
		{D726EF22-CE34-480F-8CFD-531FC9FDE4E8}.Debug|Any CPU.Build.0 = Debug|Any CPU
		{D726EF22-CE34-480F-8CFD-531FC9FDE4E8}.Release|Any CPU.ActiveCfg = Release|Any CPU
		{D726EF22-CE34-480F-8CFD-531FC9FDE4E8}.Release|Any CPU.Build.0 = Release|Any CPU
	EndGlobalSection
	GlobalSection(SolutionProperties) = preSolution
		HideSolutionNode = FALSE
	EndGlobalSection
	GlobalSection(ExtensibilityGlobals) = postSolution
		SolutionGuid = {51D4D71C-D622-4A50-8CDD-5568371693F0}
	EndGlobalSection
EndGlobal
